
Microsoft Visual Studio Solution File, Format Version 12.00
# Visual Studio Version 18
VisualStudioVersion = 18.4.11506.43 insiders
MinimumVisualStudioVersion = 10.0.40219.1
Project("{FAE04EC0-301F-11D3-BF4B-00C04F79EFBC}") = "Project.Api", "Project.Api\Project.Api.csproj", "{BDC49579-9BB0-4B43-AE5C-D7F002BDFD0D}"
EndProject
Project("{2150E333-8FDC-42A3-9474-1A3956D46DE8}") = "src", "src", "{C9FD82A1-BE00-40EC-B487-B0A4538BB99A}"
EndProject
Project("{FAE04EC0-301F-11D3-BF4B-00C04F79EFBC}") = "Api", "src\Api\Api.csproj", "{373597C9-0212-4296-9259-DC62022D51D4}"
EndProject
Project("{FAE04EC0-301F-11D3-BF4B-00C04F79EFBC}") = "Persistence", "src\Persistence\Persistence.csproj", "{84D7CC7B-64CE-47B2-9642-1668CD73A7E4}"
EndProject
Project("{FAE04EC0-301F-11D3-BF4B-00C04F79EFBC}") = "Shared", "src\Shared\Shared.csproj", "{12BB311D-32CB-456F-AA47-C76F6F57B0DB}"
EndProject
Project("{FAE04EC0-301F-11D3-BF4B-00C04F79EFBC}") = "Domain", "src\Domain\Domain.csproj", "{E46DFB6B-D9BA-4050-8CC4-4500F944B59D}"
EndProject
Project("{FAE04EC0-301F-11D3-BF4B-00C04F79EFBC}") = "Application", "src\Application\Application.csproj", "{3B4A2D41-2178-4168-B10A-1ADD5C2290A1}"
EndProject
Global
	GlobalSection(SolutionConfigurationPlatforms) = preSolution
		Debug|Any CPU = Debug|Any CPU
		Debug|x64 = Debug|x64
		Debug|x86 = Debug|x86
		Release|Any CPU = Release|Any CPU
		Release|x64 = Release|x64
		Release|x86 = Release|x86
	EndGlobalSection
	GlobalSection(ProjectConfigurationPlatforms) = postSolution
		{BDC49579-9BB0-4B43-AE5C-D7F002BDFD0D}.Debug|Any CPU.ActiveCfg = Debug|Any CPU
		{BDC49579-9BB0-4B43-AE5C-D7F002BDFD0D}.Debug|Any CPU.Build.0 = Debug|Any CPU
		{BDC49579-9BB0-4B43-AE5C-D7F002BDFD0D}.Debug|x64.ActiveCfg = Debug|Any CPU
		{BDC49579-9BB0-4B43-AE5C-D7F002BDFD0D}.Debug|x64.Build.0 = Debug|Any CPU
		{BDC49579-9BB0-4B43-AE5C-D7F002BDFD0D}.Debug|x86.ActiveCfg = Debug|Any CPU
		{BDC49579-9BB0-4B43-AE5C-D7F002BDFD0D}.Debug|x86.Build.0 = Debug|Any CPU
		{BDC49579-9BB0-4B43-AE5C-D7F002BDFD0D}.Release|Any CPU.ActiveCfg = Release|Any CPU
		{BDC49579-9BB0-4B43-AE5C-D7F002BDFD0D}.Release|Any CPU.Build.0 = Release|Any CPU
		{BDC49579-9BB0-4B43-AE5C-D7F002BDFD0D}.Release|x64.ActiveCfg = Release|Any CPU
		{BDC49579-9BB0-4B43-AE5C-D7F002BDFD0D}.Release|x64.Build.0 = Release|Any CPU
		{BDC49579-9BB0-4B43-AE5C-D7F002BDFD0D}.Release|x86.ActiveCfg = Release|Any CPU
		{BDC49579-9BB0-4B43-AE5C-D7F002BDFD0D}.Release|x86.Build.0 = Release|Any CPU
		{373597C9-0212-4296-9259-DC62022D51D4}.Debug|Any CPU.ActiveCfg = Debug|Any CPU
		{373597C9-0212-4296-9259-DC62022D51D4}.Debug|Any CPU.Build.0 = Debug|Any CPU
		{373597C9-0212-4296-9259-DC62022D51D4}.Debug|x64.ActiveCfg = Debug|Any CPU
		{373597C9-0212-4296-9259-DC62022D51D4}.Debug|x64.Build.0 = Debug|Any CPU
		{373597C9-0212-4296-9259-DC62022D51D4}.Debug|x86.ActiveCfg = Debug|Any CPU
		{373597C9-0212-4296-9259-DC62022D51D4}.Debug|x86.Build.0 = Debug|Any CPU
		{373597C9-0212-4296-9259-DC62022D51D4}.Release|Any CPU.ActiveCfg = Release|Any CPU
		{373597C9-0212-4296-9259-DC62022D51D4}.Release|Any CPU.Build.0 = Release|Any CPU
		{373597C9-0212-4296-9259-DC62022D51D4}.Release|x64.ActiveCfg = Release|Any CPU
		{373597C9-0212-4296-9259-DC62022D51D4}.Release|x64.Build.0 = Release|Any CPU
		{373597C9-0212-4296-9259-DC62022D51D4}.Release|x86.ActiveCfg = Release|Any CPU
		{373597C9-0212-4296-9259-DC62022D51D4}.Release|x86.Build.0 = Release|Any CPU
		{84D7CC7B-64CE-47B2-9642-1668CD73A7E4}.Debug|Any CPU.ActiveCfg = Debug|Any CPU
		{84D7CC7B-64CE-47B2-9642-1668CD73A7E4}.Debug|Any CPU.Build.0 = Debug|Any CPU
		{84D7CC7B-64CE-47B2-9642-1668CD73A7E4}.Debug|x64.ActiveCfg = Debug|Any CPU
		{84D7CC7B-64CE-47B2-9642-1668CD73A7E4}.Debug|x64.Build.0 = Debug|Any CPU
		{84D7CC7B-64CE-47B2-9642-1668CD73A7E4}.Debug|x86.ActiveCfg = Debug|Any CPU
		{84D7CC7B-64CE-47B2-9642-1668CD73A7E4}.Debug|x86.Build.0 = Debug|Any CPU
		{84D7CC7B-64CE-47B2-9642-1668CD73A7E4}.Release|Any CPU.ActiveCfg = Release|Any CPU
		{84D7CC7B-64CE-47B2-9642-1668CD73A7E4}.Release|Any CPU.Build.0 = Release|Any CPU
		{84D7CC7B-64CE-47B2-9642-1668CD73A7E4}.Release|x64.ActiveCfg = Release|Any CPU
		{84D7CC7B-64CE-47B2-9642-1668CD73A7E4}.Release|x64.Build.0 = Release|Any CPU
		{84D7CC7B-64CE-47B2-9642-1668CD73A7E4}.Release|x86.ActiveCfg = Release|Any CPU
		{84D7CC7B-64CE-47B2-9642-1668CD73A7E4}.Release|x86.Build.0 = Release|Any CPU
		{12BB311D-32CB-456F-AA47-C76F6F57B0DB}.Debug|Any CPU.ActiveCfg = Debug|Any CPU
		{12BB311D-32CB-456F-AA47-C76F6F57B0DB}.Debug|Any CPU.Build.0 = Debug|Any CPU
		{12BB311D-32CB-456F-AA47-C76F6F57B0DB}.Debug|x64.ActiveCfg = Debug|Any CPU
		{12BB311D-32CB-456F-AA47-C76F6F57B0DB}.Debug|x64.Build.0 = Debug|Any CPU
		{12BB311D-32CB-456F-AA47-C76F6F57B0DB}.Debug|x86.ActiveCfg = Debug|Any CPU
		{12BB311D-32CB-456F-AA47-C76F6F57B0DB}.Debug|x86.Build.0 = Debug|Any CPU
		{12BB311D-32CB-456F-AA47-C76F6F57B0DB}.Release|Any CPU.ActiveCfg = Release|Any CPU
		{12BB311D-32CB-456F-AA47-C76F6F57B0DB}.Release|Any CPU.Build.0 = Release|Any CPU
		{12BB311D-32CB-456F-AA47-C76F6F57B0DB}.Release|x64.ActiveCfg = Release|Any CPU
		{12BB311D-32CB-456F-AA47-C76F6F57B0DB}.Release|x64.Build.0 = Release|Any CPU
		{12BB311D-32CB-456F-AA47-C76F6F57B0DB}.Release|x86.ActiveCfg = Release|Any CPU
		{12BB311D-32CB-456F-AA47-C76F6F57B0DB}.Release|x86.Build.0 = Release|Any CPU
		{E46DFB6B-D9BA-4050-8CC4-4500F944B59D}.Debug|Any CPU.ActiveCfg = Debug|Any CPU
		{E46DFB6B-D9BA-4050-8CC4-4500F944B59D}.Debug|Any CPU.Build.0 = Debug|Any CPU
		{E46DFB6B-D9BA-4050-8CC4-4500F944B59D}.Debug|x64.ActiveCfg = Debug|Any CPU
		{E46DFB6B-D9BA-4050-8CC4-4500F944B59D}.Debug|x64.Build.0 = Debug|Any CPU
		{E46DFB6B-D9BA-4050-8CC4-4500F944B59D}.Debug|x86.ActiveCfg = Debug|Any CPU
		{E46DFB6B-D9BA-4050-8CC4-4500F944B59D}.Debug|x86.Build.0 = Debug|Any CPU
		{E46DFB6B-D9BA-4050-8CC4-4500F944B59D}.Release|Any CPU.ActiveCfg = Release|Any CPU
		{E46DFB6B-D9BA-4050-8CC4-4500F944B59D}.Release|Any CPU.Build.0 = Release|Any CPU
		{E46DFB6B-D9BA-4050-8CC4-4500F944B59D}.Release|x64.ActiveCfg = Release|Any CPU
		{E46DFB6B-D9BA-4050-8CC4-4500F944B59D}.Release|x64.Build.0 = Release|Any CPU
		{E46DFB6B-D9BA-4050-8CC4-4500F944B59D}.Release|x86.ActiveCfg = Release|Any CPU
		{E46DFB6B-D9BA-4050-8CC4-4500F944B59D}.Release|x86.Build.0 = Release|Any CPU
		{3B4A2D41-2178-4168-B10A-1ADD5C2290A1}.Debug|Any CPU.ActiveCfg = Debug|Any CPU
		{3B4A2D41-2178-4168-B10A-1ADD5C2290A1}.Debug|Any CPU.Build.0 = Debug|Any CPU
		{3B4A2D41-2178-4168-B10A-1ADD5C2290A1}.Debug|x64.ActiveCfg = Debug|Any CPU
		{3B4A2D41-2178-4168-B10A-1ADD5C2290A1}.Debug|x64.Build.0 = Debug|Any CPU
		{3B4A2D41-2178-4168-B10A-1ADD5C2290A1}.Debug|x86.ActiveCfg = Debug|Any CPU
		{3B4A2D41-2178-4168-B10A-1ADD5C2290A1}.Debug|x86.Build.0 = Debug|Any CPU
		{3B4A2D41-2178-4168-B10A-1ADD5C2290A1}.Release|Any CPU.ActiveCfg = Release|Any CPU
		{3B4A2D41-2178-4168-B10A-1ADD5C2290A1}.Release|Any CPU.Build.0 = Release|Any CPU
		{3B4A2D41-2178-4168-B10A-1ADD5C2290A1}.Release|x64.ActiveCfg = Release|Any CPU
		{3B4A2D41-2178-4168-B10A-1ADD5C2290A1}.Release|x64.Build.0 = Release|Any CPU
		{3B4A2D41-2178-4168-B10A-1ADD5C2290A1}.Release|x86.ActiveCfg = Release|Any CPU
		{3B4A2D41-2178-4168-B10A-1ADD5C2290A1}.Release|x86.Build.0 = Release|Any CPU
	EndGlobalSection
	GlobalSection(SolutionProperties) = preSolution
		HideSolutionNode = FALSE
	EndGlobalSection
	GlobalSection(NestedProjects) = preSolution
		{373597C9-0212-4296-9259-DC62022D51D4} = {C9FD82A1-BE00-40EC-B487-B0A4538BB99A}
		{84D7CC7B-64CE-47B2-9642-1668CD73A7E4} = {C9FD82A1-BE00-40EC-B487-B0A4538BB99A}
		{12BB311D-32CB-456F-AA47-C76F6F57B0DB} = {C9FD82A1-BE00-40EC-B487-B0A4538BB99A}
		{E46DFB6B-D9BA-4050-8CC4-4500F944B59D} = {C9FD82A1-BE00-40EC-B487-B0A4538BB99A}
		{3B4A2D41-2178-4168-B10A-1ADD5C2290A1} = {C9FD82A1-BE00-40EC-B487-B0A4538BB99A}
	EndGlobalSection
	GlobalSection(ExtensibilityGlobals) = postSolution
		SolutionGuid = {B6FB13D2-B827-45FD-B9C6-5DF5C070C4B3}
	EndGlobalSection
EndGlobal
